// !$*UTF8*$!
{
	archiveVersion = 1;
	classes = {
	};
	objectVersion = 56;
	objects = {

/* Begin PBXBuildFile section */
		D87A146929968ABA00D5D307 /* AppDelegate.swift in Sources */ = {isa = PBXBuildFile; fileRef = D87A146829968ABA00D5D307 /* AppDelegate.swift */; };
		D87A146B29968ABA00D5D307 /* SceneDelegate.swift in Sources */ = {isa = PBXBuildFile; fileRef = D87A146A29968ABA00D5D307 /* SceneDelegate.swift */; };
		D87A146D29968ABA00D5D307 /* ViewController.swift in Sources */ = {isa = PBXBuildFile; fileRef = D87A146C29968ABA00D5D307 /* ViewController.swift */; };
		D87A147229968ABB00D5D307 /* Assets.xcassets in Resources */ = {isa = PBXBuildFile; fileRef = D87A147129968ABB00D5D307 /* Assets.xcassets */; };
		D87A147529968ABB00D5D307 /* LaunchScreen.storyboard in Resources */ = {isa = PBXBuildFile; fileRef = D87A147329968ABB00D5D307 /* LaunchScreen.storyboard */; };
		D87A148129968B7E00D5D307 /* UIColor + Ext.swift in Sources */ = {isa = PBXBuildFile; fileRef = D87A148029968B7E00D5D307 /* UIColor + Ext.swift */; };
		D87A148329968B9900D5D307 /* Resources.swift in Sources */ = {isa = PBXBuildFile; fileRef = D87A148229968B9900D5D307 /* Resources.swift */; };
		D87A14882996C69E00D5D307 /* MainImageView.swift in Sources */ = {isa = PBXBuildFile; fileRef = D87A14872996C69E00D5D307 /* MainImageView.swift */; };
		D87A148E2997EB5700D5D307 /* HorizontalMenuCollectionView.swift in Sources */ = {isa = PBXBuildFile; fileRef = D87A148D2997EB5700D5D307 /* HorizontalMenuCollectionView.swift */; };
		D87A14912998049F00D5D307 /* HorizontalMenuCollectionViewCell.swift in Sources */ = {isa = PBXBuildFile; fileRef = D87A14902998049F00D5D307 /* HorizontalMenuCollectionViewCell.swift */; };
		D87A14942998291500D5D307 /* TopLabelView.swift in Sources */ = {isa = PBXBuildFile; fileRef = D87A14932998291500D5D307 /* TopLabelView.swift */; };
		D87A1497299839EA00D5D307 /* SFProDisplay-Bold.ttf in Resources */ = {isa = PBXBuildFile; fileRef = D87A1496299839EA00D5D307 /* SFProDisplay-Bold.ttf */; };
		D87A149C29994E7C00D5D307 /* DirectionsButtonsView.swift in Sources */ = {isa = PBXBuildFile; fileRef = D87A149B29994E7C00D5D307 /* DirectionsButtonsView.swift */; };
		D87A149E2999509300D5D307 /* AditionalCollectionView.swift in Sources */ = {isa = PBXBuildFile; fileRef = D87A149D2999509300D5D307 /* AditionalCollectionView.swift */; };
		D87A14A0299950EA00D5D307 /* AditionalCollectionViewCell.swift in Sources */ = {isa = PBXBuildFile; fileRef = D87A149F299950EA00D5D307 /* AditionalCollectionViewCell.swift */; };
		D87A14A22999637200D5D307 /* QaPMFlutterCollectionView.swift in Sources */ = {isa = PBXBuildFile; fileRef = D87A14A12999637200D5D307 /* QaPMFlutterCollectionView.swift */; };
		D87A14A42999638700D5D307 /* QaPMFlutterCollectionViewCell.swift in Sources */ = {isa = PBXBuildFile; fileRef = D87A14A32999638700D5D307 /* QaPMFlutterCollectionViewCell.swift */; };
/* End PBXBuildFile section */

/* Begin PBXFileReference section */
		D87A146529968ABA00D5D307 /* Surf-Student-Project.app */ = {isa = PBXFileReference; explicitFileType = wrapper.application; includeInIndex = 0; path = "Surf-Student-Project.app"; sourceTree = BUILT_PRODUCTS_DIR; };
		D87A146829968ABA00D5D307 /* AppDelegate.swift */ = {isa = PBXFileReference; lastKnownFileType = sourcecode.swift; path = AppDelegate.swift; sourceTree = "<group>"; };
		D87A146A29968ABA00D5D307 /* SceneDelegate.swift */ = {isa = PBXFileReference; lastKnownFileType = sourcecode.swift; path = SceneDelegate.swift; sourceTree = "<group>"; };
		D87A146C29968ABA00D5D307 /* ViewController.swift */ = {isa = PBXFileReference; lastKnownFileType = sourcecode.swift; path = ViewController.swift; sourceTree = "<group>"; };
		D87A147129968ABB00D5D307 /* Assets.xcassets */ = {isa = PBXFileReference; lastKnownFileType = folder.assetcatalog; path = Assets.xcassets; sourceTree = "<group>"; };
		D87A147429968ABB00D5D307 /* Base */ = {isa = PBXFileReference; lastKnownFileType = file.storyboard; name = Base; path = Base.lproj/LaunchScreen.storyboard; sourceTree = "<group>"; };
		D87A147629968ABB00D5D307 /* Info.plist */ = {isa = PBXFileReference; lastKnownFileType = text.plist.xml; path = Info.plist; sourceTree = "<group>"; };
		D87A148029968B7E00D5D307 /* UIColor + Ext.swift */ = {isa = PBXFileReference; lastKnownFileType = sourcecode.swift; path = "UIColor + Ext.swift"; sourceTree = "<group>"; };
		D87A148229968B9900D5D307 /* Resources.swift */ = {isa = PBXFileReference; lastKnownFileType = sourcecode.swift; path = Resources.swift; sourceTree = "<group>"; };
		D87A14872996C69E00D5D307 /* MainImageView.swift */ = {isa = PBXFileReference; lastKnownFileType = sourcecode.swift; path = MainImageView.swift; sourceTree = "<group>"; };
		D87A148D2997EB5700D5D307 /* HorizontalMenuCollectionView.swift */ = {isa = PBXFileReference; lastKnownFileType = sourcecode.swift; path = HorizontalMenuCollectionView.swift; sourceTree = "<group>"; };
		D87A14902998049F00D5D307 /* HorizontalMenuCollectionViewCell.swift */ = {isa = PBXFileReference; lastKnownFileType = sourcecode.swift; path = HorizontalMenuCollectionViewCell.swift; sourceTree = "<group>"; };
		D87A14932998291500D5D307 /* TopLabelView.swift */ = {isa = PBXFileReference; lastKnownFileType = sourcecode.swift; path = TopLabelView.swift; sourceTree = "<group>"; };
		D87A1496299839EA00D5D307 /* SFProDisplay-Bold.ttf */ = {isa = PBXFileReference; lastKnownFileType = file; path = "SFProDisplay-Bold.ttf"; sourceTree = "<group>"; };
		D87A149B29994E7C00D5D307 /* DirectionsButtonsView.swift */ = {isa = PBXFileReference; lastKnownFileType = sourcecode.swift; path = DirectionsButtonsView.swift; sourceTree = "<group>"; };
		D87A149D2999509300D5D307 /* AditionalCollectionView.swift */ = {isa = PBXFileReference; lastKnownFileType = sourcecode.swift; path = AditionalCollectionView.swift; sourceTree = "<group>"; };
		D87A149F299950EA00D5D307 /* AditionalCollectionViewCell.swift */ = {isa = PBXFileReference; lastKnownFileType = sourcecode.swift; path = AditionalCollectionViewCell.swift; sourceTree = "<group>"; };
		D87A14A12999637200D5D307 /* QaPMFlutterCollectionView.swift */ = {isa = PBXFileReference; lastKnownFileType = sourcecode.swift; path = QaPMFlutterCollectionView.swift; sourceTree = "<group>"; };
		D87A14A32999638700D5D307 /* QaPMFlutterCollectionViewCell.swift */ = {isa = PBXFileReference; lastKnownFileType = sourcecode.swift; path = QaPMFlutterCollectionViewCell.swift; sourceTree = "<group>"; };
/* End PBXFileReference section */

/* Begin PBXFrameworksBuildPhase section */
		D87A146229968ABA00D5D307 /* Frameworks */ = {
			isa = PBXFrameworksBuildPhase;
			buildActionMask = 2147483647;
			files = (
			);
			runOnlyForDeploymentPostprocessing = 0;
		};
/* End PBXFrameworksBuildPhase section */

/* Begin PBXGroup section */
		D87A145C29968ABA00D5D307 = {
			isa = PBXGroup;
			children = (
				D87A146729968ABA00D5D307 /* Surf-Student-Project */,
				D87A146629968ABA00D5D307 /* Products */,
			);
			sourceTree = "<group>";
		};
		D87A146629968ABA00D5D307 /* Products */ = {
			isa = PBXGroup;
			children = (
				D87A146529968ABA00D5D307 /* Surf-Student-Project.app */,
			);
			name = Products;
			sourceTree = "<group>";
		};
		D87A146729968ABA00D5D307 /* Surf-Student-Project */ = {
			isa = PBXGroup;
			children = (
				D87A14862996BE8A00D5D307 /* Views */,
				D87A14842996B93600D5D307 /* Application */,
				D87A147E29968B3E00D5D307 /* Helpers */,
				D87A147D29968B1900D5D307 /* SFBaseButton */,
				D87A147C29968AF700D5D307 /* Controllers */,
				D87A14852996B96900D5D307 /* Support */,
			);
			path = "Surf-Student-Project";
			sourceTree = "<group>";
		};
		D87A147C29968AF700D5D307 /* Controllers */ = {
			isa = PBXGroup;
			children = (
				D87A146C29968ABA00D5D307 /* ViewController.swift */,
			);
			path = Controllers;
			sourceTree = "<group>";
		};
		D87A147D29968B1900D5D307 /* SFBaseButton */ = {
			isa = PBXGroup;
			children = (
			);
			path = SFBaseButton;
			sourceTree = "<group>";
		};
		D87A147E29968B3E00D5D307 /* Helpers */ = {
			isa = PBXGroup;
			children = (
				D87A1495299839D200D5D307 /* Fonts */,
				D87A147F29968B4700D5D307 /* Extensions */,
			);
			path = Helpers;
			sourceTree = "<group>";
		};
		D87A147F29968B4700D5D307 /* Extensions */ = {
			isa = PBXGroup;
			children = (
				D87A148029968B7E00D5D307 /* UIColor + Ext.swift */,
				D87A148229968B9900D5D307 /* Resources.swift */,
			);
			path = Extensions;
			sourceTree = "<group>";
		};
		D87A14842996B93600D5D307 /* Application */ = {
			isa = PBXGroup;
			children = (
				D87A146A29968ABA00D5D307 /* SceneDelegate.swift */,
				D87A146829968ABA00D5D307 /* AppDelegate.swift */,
			);
			path = Application;
			sourceTree = "<group>";
		};
		D87A14852996B96900D5D307 /* Support */ = {
			isa = PBXGroup;
			children = (
				D87A147129968ABB00D5D307 /* Assets.xcassets */,
				D87A147629968ABB00D5D307 /* Info.plist */,
				D87A147329968ABB00D5D307 /* LaunchScreen.storyboard */,
			);
			path = Support;
			sourceTree = "<group>";
		};
		D87A14862996BE8A00D5D307 /* Views */ = {
			isa = PBXGroup;
			children = (
				D87A14932998291500D5D307 /* TopLabelView.swift */,
				D87A149B29994E7C00D5D307 /* DirectionsButtonsView.swift */,
				D87A148D2997EB5700D5D307 /* HorizontalMenuCollectionView.swift */,
				D87A149D2999509300D5D307 /* AditionalCollectionView.swift */,
				D87A14A12999637200D5D307 /* QaPMFlutterCollectionView.swift */,
				D87A148F2998048500D5D307 /* Cells */,
			);
			path = Views;
			sourceTree = "<group>";
		};
		D87A148F2998048500D5D307 /* Cells */ = {
			isa = PBXGroup;
			children = (
				D87A14872996C69E00D5D307 /* MainImageView.swift */,
				D87A14902998049F00D5D307 /* HorizontalMenuCollectionViewCell.swift */,
				D87A149F299950EA00D5D307 /* AditionalCollectionViewCell.swift */,
				D87A14A32999638700D5D307 /* QaPMFlutterCollectionViewCell.swift */,
			);
			path = Cells;
			sourceTree = "<group>";
		};
		D87A1495299839D200D5D307 /* Fonts */ = {
			isa = PBXGroup;
			children = (
				D87A1496299839EA00D5D307 /* SFProDisplay-Bold.ttf */,
			);
			path = Fonts;
			sourceTree = "<group>";
		};
/* End PBXGroup section */

/* Begin PBXNativeTarget section */
		D87A146429968ABA00D5D307 /* Surf-Student-Project */ = {
			isa = PBXNativeTarget;
			buildConfigurationList = D87A147929968ABB00D5D307 /* Build configuration list for PBXNativeTarget "Surf-Student-Project" */;
			buildPhases = (
				D87A146129968ABA00D5D307 /* Sources */,
				D87A146229968ABA00D5D307 /* Frameworks */,
				D87A146329968ABA00D5D307 /* Resources */,
			);
			buildRules = (
			);
			dependencies = (
			);
			name = "Surf-Student-Project";
			productName = "Surf-Student-Project";
			productReference = D87A146529968ABA00D5D307 /* Surf-Student-Project.app */;
			productType = "com.apple.product-type.application";
		};
/* End PBXNativeTarget section */

/* Begin PBXProject section */
		D87A145D29968ABA00D5D307 /* Project object */ = {
			isa = PBXProject;
			attributes = {
				BuildIndependentTargetsInParallel = 1;
				LastSwiftUpdateCheck = 1420;
				LastUpgradeCheck = 1420;
				TargetAttributes = {
					D87A146429968ABA00D5D307 = {
						CreatedOnToolsVersion = 14.2;
					};
				};
			};
			buildConfigurationList = D87A146029968ABA00D5D307 /* Build configuration list for PBXProject "Surf-Student-Project" */;
			compatibilityVersion = "Xcode 14.0";
			developmentRegion = en;
			hasScannedForEncodings = 0;
			knownRegions = (
				en,
				Base,
			);
			mainGroup = D87A145C29968ABA00D5D307;
			productRefGroup = D87A146629968ABA00D5D307 /* Products */;
			projectDirPath = "";
			projectRoot = "";
			targets = (
				D87A146429968ABA00D5D307 /* Surf-Student-Project */,
			);
		};
/* End PBXProject section */

/* Begin PBXResourcesBuildPhase section */
		D87A146329968ABA00D5D307 /* Resources */ = {
			isa = PBXResourcesBuildPhase;
			buildActionMask = 2147483647;
			files = (
				D87A1497299839EA00D5D307 /* SFProDisplay-Bold.ttf in Resources */,
				D87A147529968ABB00D5D307 /* LaunchScreen.storyboard in Resources */,
				D87A147229968ABB00D5D307 /* Assets.xcassets in Resources */,
			);
			runOnlyForDeploymentPostprocessing = 0;
		};
/* End PBXResourcesBuildPhase section */

/* Begin PBXSourcesBuildPhase section */
		D87A146129968ABA00D5D307 /* Sources */ = {
			isa = PBXSourcesBuildPhase;
			buildActionMask = 2147483647;
			files = (
				D87A14A42999638700D5D307 /* QaPMFlutterCollectionViewCell.swift in Sources */,
				D87A149C29994E7C00D5D307 /* DirectionsButtonsView.swift in Sources */,
				D87A14942998291500D5D307 /* TopLabelView.swift in Sources */,
				D87A146D29968ABA00D5D307 /* ViewController.swift in Sources */,
				D87A148E2997EB5700D5D307 /* HorizontalMenuCollectionView.swift in Sources */,
				D87A14882996C69E00D5D307 /* MainImageView.swift in Sources */,
				D87A149E2999509300D5D307 /* AditionalCollectionView.swift in Sources */,
				D87A14912998049F00D5D307 /* HorizontalMenuCollectionViewCell.swift in Sources */,
				D87A146929968ABA00D5D307 /* AppDelegate.swift in Sources */,
				D87A14A0299950EA00D5D307 /* AditionalCollectionViewCell.swift in Sources */,
				D87A146B29968ABA00D5D307 /* SceneDelegate.swift in Sources */,
				D87A148329968B9900D5D307 /* Resources.swift in Sources */,
				D87A148129968B7E00D5D307 /* UIColor + Ext.swift in Sources */,
				D87A14A22999637200D5D307 /* QaPMFlutterCollectionView.swift in Sources */,
			);
			runOnlyForDeploymentPostprocessing = 0;
		};
/* End PBXSourcesBuildPhase section */

/* Begin PBXVariantGroup section */
		D87A147329968ABB00D5D307 /* LaunchScreen.storyboard */ = {
			isa = PBXVariantGroup;
			children = (
				D87A147429968ABB00D5D307 /* Base */,
			);
			name = LaunchScreen.storyboard;
			sourceTree = "<group>";
		};
/* End PBXVariantGroup section */

/* Begin XCBuildConfiguration section */
		D87A147729968ABB00D5D307 /* Debug */ = {
			isa = XCBuildConfiguration;
			buildSettings = {
				ALWAYS_SEARCH_USER_PATHS = NO;
				CLANG_ANALYZER_NONNULL = YES;
				CLANG_ANALYZER_NUMBER_OBJECT_CONVERSION = YES_AGGRESSIVE;
				CLANG_CXX_LANGUAGE_STANDARD = "gnu++20";
				CLANG_ENABLE_MODULES = YES;
				CLANG_ENABLE_OBJC_ARC = YES;
				CLANG_ENABLE_OBJC_WEAK = YES;
				CLANG_WARN_BLOCK_CAPTURE_AUTORELEASING = YES;
				CLANG_WARN_BOOL_CONVERSION = YES;
				CLANG_WARN_COMMA = YES;
				CLANG_WARN_CONSTANT_CONVERSION = YES;
				CLANG_WARN_DEPRECATED_OBJC_IMPLEMENTATIONS = YES;
				CLANG_WARN_DIRECT_OBJC_ISA_USAGE = YES_ERROR;
				CLANG_WARN_DOCUMENTATION_COMMENTS = YES;
				CLANG_WARN_EMPTY_BODY = YES;
				CLANG_WARN_ENUM_CONVERSION = YES;
				CLANG_WARN_INFINITE_RECURSION = YES;
				CLANG_WARN_INT_CONVERSION = YES;
				CLANG_WARN_NON_LITERAL_NULL_CONVERSION = YES;
				CLANG_WARN_OBJC_IMPLICIT_RETAIN_SELF = YES;
				CLANG_WARN_OBJC_LITERAL_CONVERSION = YES;
				CLANG_WARN_OBJC_ROOT_CLASS = YES_ERROR;
				CLANG_WARN_QUOTED_INCLUDE_IN_FRAMEWORK_HEADER = YES;
				CLANG_WARN_RANGE_LOOP_ANALYSIS = YES;
				CLANG_WARN_STRICT_PROTOTYPES = YES;
				CLANG_WARN_SUSPICIOUS_MOVE = YES;
				CLANG_WARN_UNGUARDED_AVAILABILITY = YES_AGGRESSIVE;
				CLANG_WARN_UNREACHABLE_CODE = YES;
				CLANG_WARN__DUPLICATE_METHOD_MATCH = YES;
				COPY_PHASE_STRIP = NO;
				DEBUG_INFORMATION_FORMAT = dwarf;
				ENABLE_STRICT_OBJC_MSGSEND = YES;
				ENABLE_TESTABILITY = YES;
				GCC_C_LANGUAGE_STANDARD = gnu11;
				GCC_DYNAMIC_NO_PIC = NO;
				GCC_NO_COMMON_BLOCKS = YES;
				GCC_OPTIMIZATION_LEVEL = 0;
				GCC_PREPROCESSOR_DEFINITIONS = (
					"DEBUG=1",
					"$(inherited)",
				);
				GCC_WARN_64_TO_32_BIT_CONVERSION = YES;
				GCC_WARN_ABOUT_RETURN_TYPE = YES_ERROR;
				GCC_WARN_UNDECLARED_SELECTOR = YES;
				GCC_WARN_UNINITIALIZED_AUTOS = YES_AGGRESSIVE;
				GCC_WARN_UNUSED_FUNCTION = YES;
				GCC_WARN_UNUSED_VARIABLE = YES;
				IPHONEOS_DEPLOYMENT_TARGET = 16.2;
				MTL_ENABLE_DEBUG_INFO = INCLUDE_SOURCE;
				MTL_FAST_MATH = YES;
				ONLY_ACTIVE_ARCH = YES;
				SDKROOT = iphoneos;
				SWIFT_ACTIVE_COMPILATION_CONDITIONS = DEBUG;
				SWIFT_OPTIMIZATION_LEVEL = "-Onone";
			};
			name = Debug;
		};
		D87A147829968ABB00D5D307 /* Release */ = {
			isa = XCBuildConfiguration;
			buildSettings = {
				ALWAYS_SEARCH_USER_PATHS = NO;
				CLANG_ANALYZER_NONNULL = YES;
				CLANG_ANALYZER_NUMBER_OBJECT_CONVERSION = YES_AGGRESSIVE;
				CLANG_CXX_LANGUAGE_STANDARD = "gnu++20";
				CLANG_ENABLE_MODULES = YES;
				CLANG_ENABLE_OBJC_ARC = YES;
				CLANG_ENABLE_OBJC_WEAK = YES;
				CLANG_WARN_BLOCK_CAPTURE_AUTORELEASING = YES;
				CLANG_WARN_BOOL_CONVERSION = YES;
				CLANG_WARN_COMMA = YES;
				CLANG_WARN_CONSTANT_CONVERSION = YES;
				CLANG_WARN_DEPRECATED_OBJC_IMPLEMENTATIONS = YES;
				CLANG_WARN_DIRECT_OBJC_ISA_USAGE = YES_ERROR;
				CLANG_WARN_DOCUMENTATION_COMMENTS = YES;
				CLANG_WARN_EMPTY_BODY = YES;
				CLANG_WARN_ENUM_CONVERSION = YES;
				CLANG_WARN_INFINITE_RECURSION = YES;
				CLANG_WARN_INT_CONVERSION = YES;
				CLANG_WARN_NON_LITERAL_NULL_CONVERSION = YES;
				CLANG_WARN_OBJC_IMPLICIT_RETAIN_SELF = YES;
				CLANG_WARN_OBJC_LITERAL_CONVERSION = YES;
				CLANG_WARN_OBJC_ROOT_CLASS = YES_ERROR;
				CLANG_WARN_QUOTED_INCLUDE_IN_FRAMEWORK_HEADER = YES;
				CLANG_WARN_RANGE_LOOP_ANALYSIS = YES;
				CLANG_WARN_STRICT_PROTOTYPES = YES;
				CLANG_WARN_SUSPICIOUS_MOVE = YES;
				CLANG_WARN_UNGUARDED_AVAILABILITY = YES_AGGRESSIVE;
				CLANG_WARN_UNREACHABLE_CODE = YES;
				CLANG_WARN__DUPLICATE_METHOD_MATCH = YES;
				COPY_PHASE_STRIP = NO;
				DEBUG_INFORMATION_FORMAT = "dwarf-with-dsym";
				ENABLE_NS_ASSERTIONS = NO;
				ENABLE_STRICT_OBJC_MSGSEND = YES;
				GCC_C_LANGUAGE_STANDARD = gnu11;
				GCC_NO_COMMON_BLOCKS = YES;
				GCC_WARN_64_TO_32_BIT_CONVERSION = YES;
				GCC_WARN_ABOUT_RETURN_TYPE = YES_ERROR;
				GCC_WARN_UNDECLARED_SELECTOR = YES;
				GCC_WARN_UNINITIALIZED_AUTOS = YES_AGGRESSIVE;
				GCC_WARN_UNUSED_FUNCTION = YES;
				GCC_WARN_UNUSED_VARIABLE = YES;
				IPHONEOS_DEPLOYMENT_TARGET = 16.2;
				MTL_ENABLE_DEBUG_INFO = NO;
				MTL_FAST_MATH = YES;
				SDKROOT = iphoneos;
				SWIFT_COMPILATION_MODE = wholemodule;
				SWIFT_OPTIMIZATION_LEVEL = "-O";
				VALIDATE_PRODUCT = YES;
			};
			name = Release;
		};
		D87A147A29968ABB00D5D307 /* Debug */ = {
			isa = XCBuildConfiguration;
			buildSettings = {
				ASSETCATALOG_COMPILER_APPICON_NAME = AppIcon;
				ASSETCATALOG_COMPILER_GLOBAL_ACCENT_COLOR_NAME = AccentColor;
				CODE_SIGN_STYLE = Automatic;
				CURRENT_PROJECT_VERSION = 1;
				GENERATE_INFOPLIST_FILE = YES;
				INFOPLIST_FILE = "Surf-Student-Project/Support/Info.plist";
				INFOPLIST_KEY_UIApplicationSupportsIndirectInputEvents = YES;
				INFOPLIST_KEY_UILaunchStoryboardName = LaunchScreen;
				INFOPLIST_KEY_UISupportedInterfaceOrientations_iPad = "UIInterfaceOrientationPortrait UIInterfaceOrientationPortraitUpsideDown UIInterfaceOrientationLandscapeLeft UIInterfaceOrientationLandscapeRight";
				INFOPLIST_KEY_UISupportedInterfaceOrientations_iPhone = "UIInterfaceOrientationPortrait UIInterfaceOrientationLandscapeLeft UIInterfaceOrientationLandscapeRight";
				LD_RUNPATH_SEARCH_PATHS = (
					"$(inherited)",
					"@executable_path/Frameworks",
				);
				MARKETING_VERSION = 1.0;
				PRODUCT_BUNDLE_IDENTIFIER = "develop.Surf-Student-Project";
				PRODUCT_NAME = "$(TARGET_NAME)";
				SWIFT_EMIT_LOC_STRINGS = YES;
				SWIFT_VERSION = 5.0;
				TARGETED_DEVICE_FAMILY = "1,2";
			};
			name = Debug;
		};
		D87A147B29968ABB00D5D307 /* Release */ = {
			isa = XCBuildConfiguration;
			buildSettings = {
				ASSETCATALOG_COMPILER_APPICON_NAME = AppIcon;
				ASSETCATALOG_COMPILER_GLOBAL_ACCENT_COLOR_NAME = AccentColor;
				CODE_SIGN_STYLE = Automatic;
				CURRENT_PROJECT_VERSION = 1;
				GENERATE_INFOPLIST_FILE = YES;
				INFOPLIST_FILE = "Surf-Student-Project/Support/Info.plist";
				INFOPLIST_KEY_UIApplicationSupportsIndirectInputEvents = YES;
				INFOPLIST_KEY_UILaunchStoryboardName = LaunchScreen;
				INFOPLIST_KEY_UISupportedInterfaceOrientations_iPad = "UIInterfaceOrientationPortrait UIInterfaceOrientationPortraitUpsideDown UIInterfaceOrientationLandscapeLeft UIInterfaceOrientationLandscapeRight";
				INFOPLIST_KEY_UISupportedInterfaceOrientations_iPhone = "UIInterfaceOrientationPortrait UIInterfaceOrientationLandscapeLeft UIInterfaceOrientationLandscapeRight";
				LD_RUNPATH_SEARCH_PATHS = (
					"$(inherited)",
					"@executable_path/Frameworks",
				);
				MARKETING_VERSION = 1.0;
				PRODUCT_BUNDLE_IDENTIFIER = "develop.Surf-Student-Project";
				PRODUCT_NAME = "$(TARGET_NAME)";
				SWIFT_EMIT_LOC_STRINGS = YES;
				SWIFT_VERSION = 5.0;
				TARGETED_DEVICE_FAMILY = "1,2";
			};
			name = Release;
		};
/* End XCBuildConfiguration section */

/* Begin XCConfigurationList section */
		D87A146029968ABA00D5D307 /* Build configuration list for PBXProject "Surf-Student-Project" */ = {
			isa = XCConfigurationList;
			buildConfigurations = (
				D87A147729968ABB00D5D307 /* Debug */,
				D87A147829968ABB00D5D307 /* Release */,
			);
			defaultConfigurationIsVisible = 0;
			defaultConfigurationName = Release;
		};
		D87A147929968ABB00D5D307 /* Build configuration list for PBXNativeTarget "Surf-Student-Project" */ = {
			isa = XCConfigurationList;
			buildConfigurations = (
				D87A147A29968ABB00D5D307 /* Debug */,
				D87A147B29968ABB00D5D307 /* Release */,
			);
			defaultConfigurationIsVisible = 0;
			defaultConfigurationName = Release;
		};
/* End XCConfigurationList section */
	};
	rootObject = D87A145D29968ABA00D5D307 /* Project object */;
}
